<?xml version="1.0" encoding="utf-8"?>
<Project ToolsVersion="4.0" xmlns="http://schemas.microsoft.com/developer/msbuild/2003">
  <ItemGroup>
    <Filter Include="Source Files">
      <UniqueIdentifier>{4FC737F1-C7A5-4376-A066-2A32D752A2FF}</UniqueIdentifier>
      <Extensions>cpp;c;cc;cxx;c++;cppm;ixx;def;odl;idl;hpj;bat;asm;asmx</Extensions>
    </Filter>
    <Filter Include="Header Files">
      <UniqueIdentifier>{93995380-89BD-4b04-88EB-625FBE52EBFB}</UniqueIdentifier>
      <Extensions>h;hh;hpp;hxx;h++;hm;inl;inc;ipp;xsd</Extensions>
    </Filter>
    <Filter Include="Resource Files">
      <UniqueIdentifier>{67DA6AB6-F800-4c08-8B7A-83BB121AAD01}</UniqueIdentifier>
      <Extensions>rc;ico;cur;bmp;dlg;rc2;rct;bin;rgs;gif;jpg;jpeg;jpe;resx;tiff;tif;png;wav;mfcribbon-ms</Extensions>
    </Filter>
    <Filter Include="Header Files\NativeFileDialog">
      <UniqueIdentifier>{eca2bde5-5dec-4718-95d9-88d8ae12261d}</UniqueIdentifier>
    </Filter>
    <Filter Include="Source Files\NativeFileDialog">
      <UniqueIdentifier>{f8c7d5c6-5ac2-4aa8-8f92-25afbeb57cac}</UniqueIdentifier>
    </Filter>
    <Filter Include="Header Files\UI">
      <UniqueIdentifier>{665e3b9b-f3c5-453e-9f14-551c9aafb32d}</UniqueIdentifier>
    </Filter>
    <Filter Include="Source Files\UI">
      <UniqueIdentifier>{3a5a5494-cf91-416f-843f-4c6eb84441cf}</UniqueIdentifier>
    </Filter>
    <Filter Include="Source Files\Math">
      <UniqueIdentifier>{e89a4eb0-7d35-426e-a23e-fbd8f5a0b8f8}</UniqueIdentifier>
    </Filter>
    <Filter Include="Header Files\Math">
      <UniqueIdentifier>{0e34d7ae-dc7f-4c21-a5dc-596860049ead}</UniqueIdentifier>
    </Filter>
  </ItemGroup>
  <ItemGroup>
    <ClCompile Include="src\g_ani.cpp">
      <Filter>Source Files</Filter>
    </ClCompile>
    <ClCompile Include="src\main.cpp">
      <Filter>Source Files</Filter>
    </ClCompile>
    <ClCompile Include="src\s_alloc.cpp">
      <Filter>Source Files</Filter>
    </ClCompile>
    <ClCompile Include="src\s_disast.cpp">
      <Filter>Source Files</Filter>
    </ClCompile>
    <ClCompile Include="src\s_gen.cpp">
      <Filter>Source Files</Filter>
    </ClCompile>
    <ClCompile Include="src\s_msg.cpp">
      <Filter>Source Files</Filter>
    </ClCompile>
    <ClCompile Include="src\Power.cpp">
      <Filter>Source Files</Filter>
    </ClCompile>
    <ClCompile Include="src\s_sim.cpp">
      <Filter>Source Files</Filter>
    </ClCompile>
    <ClCompile Include="src\w_resrc.cpp">
      <Filter>Source Files</Filter>
    </ClCompile>
    <ClCompile Include="src\w_sound.cpp">
      <Filter>Source Files</Filter>
    </ClCompile>
    <ClCompile Include="src\w_tk.cpp">
      <Filter>Source Files</Filter>
    </ClCompile>
    <ClCompile Include="src\w_update.cpp">
      <Filter>Source Files</Filter>
    </ClCompile>
    <ClCompile Include="src\Sprite.cpp">
      <Filter>Source Files</Filter>
    </ClCompile>
    <ClCompile Include="src\Map.cpp">
      <Filter>Source Files</Filter>
    </ClCompile>
    <ClCompile Include="src\Texture.cpp">
      <Filter>Source Files</Filter>
    </ClCompile>
    <ClCompile Include="src\Font.cpp">
      <Filter>Source Files</Filter>
    </ClCompile>
    <ClCompile Include="src\StringRender.cpp">
      <Filter>Source Files</Filter>
    </ClCompile>
    <ClCompile Include="src\Budget.cpp">
      <Filter>Source Files</Filter>
    </ClCompile>
    <ClCompile Include="src\FileIo.cpp">
      <Filter>Source Files</Filter>
    </ClCompile>
    <ClCompile Include="src\Connection.cpp">
      <Filter>Source Files</Filter>
    </ClCompile>
    <ClCompile Include="src\Evaluation.cpp">
      <Filter>Source Files</Filter>
    </ClCompile>
    <ClCompile Include="src\Graphics.cpp">
      <Filter>Source Files</Filter>
    </ClCompile>
    <ClCompile Include="src\Scan.cpp">
      <Filter>Source Files</Filter>
    </ClCompile>
    <ClCompile Include="src\Zone.cpp">
      <Filter>Source Files</Filter>
    </ClCompile>
    <ClCompile Include="src\Traffic.cpp">
      <Filter>Source Files</Filter>
    </ClCompile>
    <ClCompile Include="src\Util.cpp">
      <Filter>Source Files</Filter>
    </ClCompile>
    <ClCompile Include="src\UI\BudgetWindow.cpp">
      <Filter>Source Files\UI</Filter>
    </ClCompile>
    <ClCompile Include="src\UI\EvaluationWindow.cpp">
      <Filter>Source Files\UI</Filter>
    </ClCompile>
    <ClCompile Include="src\UI\FileIoDialog.cpp">
      <Filter>Source Files\UI</Filter>
    </ClCompile>
    <ClCompile Include="src\UI\GraphWindow.cpp">
      <Filter>Source Files\UI</Filter>
    </ClCompile>
    <ClCompile Include="src\UI\MiniMapWindow.cpp">
      <Filter>Source Files\UI</Filter>
    </ClCompile>
    <ClCompile Include="src\UI\OptionsWindow.cpp">
      <Filter>Source Files\UI</Filter>
    </ClCompile>
    <ClCompile Include="src\UI\QueryWindow.cpp">
      <Filter>Source Files\UI</Filter>
    </ClCompile>
    <ClCompile Include="src\UI\ToolPalette.cpp">
      <Filter>Source Files\UI</Filter>
    </ClCompile>
    <ClCompile Include="src\UI\WindowBase.cpp">
      <Filter>Source Files\UI</Filter>
    </ClCompile>
    <ClCompile Include="src\UI\WindowGroup.cpp">
      <Filter>Source Files\UI</Filter>
    </ClCompile>
    <ClCompile Include="src\UI\WindowStack.cpp">
      <Filter>Source Files\UI</Filter>
    </ClCompile>
    <ClCompile Include="src\UI\InterfaceManager.cpp">
      <Filter>Source Files\UI</Filter>
    </ClCompile>
    <ClCompile Include="src\Math\IsZero.cpp">
      <Filter>Source Files\Math</Filter>
    </ClCompile>
    <ClCompile Include="src\Math\Point.cpp">
      <Filter>Source Files\Math</Filter>
    </ClCompile>
    <ClCompile Include="src\Math\Rectangle.cpp">
      <Filter>Source Files\Math</Filter>
    </ClCompile>
    <ClCompile Include="src\RCI.cpp">
      <Filter>Source Files</Filter>
    </ClCompile>
    <ClCompile Include="src\UI\DashboardWindow.cpp">
      <Filter>Source Files\UI</Filter>
    </ClCompile>
    <ClCompile Include="src\Month.cpp">
      <Filter>Source Files</Filter>
    </ClCompile>
    <ClCompile Include="src\GameDataLoader.cpp">
      <Filter>Source Files</Filter>
    </ClCompile>
    <ClCompile Include="src\ToolManager.cpp">
      <Filter>Source Files</Filter>
    </ClCompile>
  </ItemGroup>
  <ItemGroup>
    <ClInclude Include="src\animtab.h">
      <Filter>Header Files</Filter>
    </ClInclude>
    <ClInclude Include="src\main.h">
      <Filter>Header Files</Filter>
    </ClInclude>
    <ClInclude Include="src\w_tk.h">
      <Filter>Header Files</Filter>
    </ClInclude>
    <ClInclude Include="src\w_update.h">
      <Filter>Header Files</Filter>
    </ClInclude>
    <ClInclude Include="src\w_sound.h">
      <Filter>Header Files</Filter>
    </ClInclude>
    <ClInclude Include="src\s_alloc.h">
      <Filter>Header Files</Filter>
    </ClInclude>
    <ClInclude Include="src\s_gen.h">
      <Filter>Header Files</Filter>
    </ClInclude>
    <ClInclude Include="src\s_sim.h">
      <Filter>Header Files</Filter>
    </ClInclude>
    <ClInclude Include="src\w_resrc.h">
      <Filter>Header Files</Filter>
    </ClInclude>
    <ClInclude Include="src\s_msg.h">
      <Filter>Header Files</Filter>
    </ClInclude>
    <ClInclude Include="src\s_disast.h">
      <Filter>Header Files</Filter>
    </ClInclude>
    <ClInclude Include="src\Power.h">
      <Filter>Header Files</Filter>
    </ClInclude>
    <ClInclude Include="src\g_ani.h">
      <Filter>Header Files</Filter>
    </ClInclude>
    <ClInclude Include="src\Sprite.h">
      <Filter>Header Files</Filter>
    </ClInclude>
    <ClInclude Include="src\Map.h">
      <Filter>Header Files</Filter>
    </ClInclude>
    <ClInclude Include="src\Texture.h">
      <Filter>Header Files</Filter>
    </ClInclude>
    <ClInclude Include="src\Font.h">
      <Filter>Header Files</Filter>
    </ClInclude>
    <ClInclude Include="resource.h">
      <Filter>Header Files</Filter>
    </ClInclude>
    <ClInclude Include="src\StringRender.h">
      <Filter>Header Files</Filter>
    </ClInclude>
    <ClInclude Include="src\Budget.h">
      <Filter>Header Files</Filter>
    </ClInclude>
    <ClInclude Include="src\CityProperties.h">
      <Filter>Header Files</Filter>
    </ClInclude>
    <ClInclude Include="src\Graph.h">
      <Filter>Header Files</Filter>
    </ClInclude>
    <ClInclude Include="src\FileIo.h">
      <Filter>Header Files</Filter>
    </ClInclude>
    <ClInclude Include="src\Tool.h">
      <Filter>Header Files</Filter>
    </ClInclude>
    <ClInclude Include="src\Connection.h">
      <Filter>Header Files</Filter>
    </ClInclude>
    <ClInclude Include="src\Evaluation.h">
      <Filter>Header Files</Filter>
    </ClInclude>
    <ClInclude Include="src\EffectMap.h">
      <Filter>Header Files</Filter>
    </ClInclude>
    <ClInclude Include="src\Colors.h">
      <Filter>Header Files</Filter>
    </ClInclude>
    <ClInclude Include="src\Graphics.h">
      <Filter>Header Files</Filter>
    </ClInclude>
    <ClInclude Include="src\Scan.h">
      <Filter>Header Files</Filter>
    </ClInclude>
    <ClInclude Include="src\Zone.h">
      <Filter>Header Files</Filter>
    </ClInclude>
    <ClInclude Include="src\Traffic.h">
      <Filter>Header Files</Filter>
    </ClInclude>
    <ClInclude Include="src\Util.h">
      <Filter>Header Files</Filter>
    </ClInclude>
    <ClInclude Include="src\UI\BudgetWindow.h">
      <Filter>Header Files\UI</Filter>
    </ClInclude>
    <ClInclude Include="src\UI\EvaluationWindow.h">
      <Filter>Header Files\UI</Filter>
    </ClInclude>
    <ClInclude Include="src\UI\FileIoDialog.h">
      <Filter>Header Files\UI</Filter>
    </ClInclude>
    <ClInclude Include="src\UI\GraphWindow.h">
      <Filter>Header Files\UI</Filter>
    </ClInclude>
    <ClInclude Include="src\UI\MiniMapWindow.h">
      <Filter>Header Files\UI</Filter>
    </ClInclude>
    <ClInclude Include="src\UI\OptionsWindow.h">
      <Filter>Header Files\UI</Filter>
    </ClInclude>
    <ClInclude Include="src\UI\QueryWindow.h">
      <Filter>Header Files\UI</Filter>
    </ClInclude>
    <ClInclude Include="src\UI\ToolPalette.h">
      <Filter>Header Files\UI</Filter>
    </ClInclude>
    <ClInclude Include="src\UI\WindowBase.h">
      <Filter>Header Files\UI</Filter>
    </ClInclude>
    <ClInclude Include="src\UI\WindowGroup.h">
      <Filter>Header Files\UI</Filter>
    </ClInclude>
    <ClInclude Include="src\UI\WindowStack.h">
      <Filter>Header Files\UI</Filter>
    </ClInclude>
    <ClInclude Include="src\UI\Button.h">
      <Filter>Header Files\UI</Filter>
    </ClInclude>
    <ClInclude Include="src\UI\InterfaceManager.h">
      <Filter>Header Files\UI</Filter>
    </ClInclude>
    <ClInclude Include="src\Math\IsZero.h">
      <Filter>Header Files\Math</Filter>
    </ClInclude>
    <ClInclude Include="src\Math\Point.h">
      <Filter>Header Files\Math</Filter>
    </ClInclude>
    <ClInclude Include="src\Math\PointInRectangleRange.h">
      <Filter>Header Files\Math</Filter>
    </ClInclude>
    <ClInclude Include="src\Math\Rectangle.h">
      <Filter>Header Files\Math</Filter>
    </ClInclude>
    <ClInclude Include="src\Math\Vector.h">
      <Filter>Header Files\Math</Filter>
    </ClInclude>
    <ClInclude Include="src\Math\VectorSizeRange.h">
      <Filter>Header Files\Math</Filter>
    </ClInclude>
    <ClInclude Include="src\GameOptions.h">
      <Filter>Header Files</Filter>
    </ClInclude>
    <ClInclude Include="src\UI\ToggleButton.h">
      <Filter>Header Files\UI</Filter>
    </ClInclude>
    <ClInclude Include="src\Delegate.h">
      <Filter>Header Files</Filter>
    </ClInclude>
    <ClInclude Include="src\RCI.h">
      <Filter>Header Files</Filter>
    </ClInclude>
    <ClInclude Include="src\UI\DashboardWindow.h">
      <Filter>Header Files\UI</Filter>
    </ClInclude>
    <ClInclude Include="src\Month.h">
      <Filter>Header Files</Filter>
    </ClInclude>
    <ClInclude Include="src\GameDataLoader.h">
      <Filter>Header Files</Filter>
    </ClInclude>
    <ClInclude Include="src\Constants.h">
      <Filter>Header Files</Filter>
    </ClInclude>
    <ClInclude Include="src\ToolManager.h">
      <Filter>Header Files</Filter>
    </ClInclude>
  </ItemGroup>
  <ItemGroup>
    <Image Include="micropolis.ico">
      <Filter>Resource Files</Filter>
    </Image>
    <Image Include="Micropolis.png">
      <Filter>Resource Files</Filter>
    </Image>
  </ItemGroup>
  <ItemGroup>
    <None Include="vcpkg.json" />
  </ItemGroup>
  <ItemGroup>
    <ResourceCompile Include="micropolis-sdlpp.rc">
      <Filter>Resource Files</Filter>
    </ResourceCompile>
  </ItemGroup>
</Project>